
Microsoft Visual Studio Solution File, Format Version 12.00
# Visual Studio Version 16
VisualStudioVersion = 16.0.31515.178
MinimumVisualStudioVersion = 10.0.40219.1
Project("{FAE04EC0-301F-11D3-BF4B-00C04F79EFBC}") = "api_DISCON", "api_DISCON.csproj", "{F9E91833-F9A4-43D5-ADA5-4450F2D89A26}"
EndProject
Global
	GlobalSection(SolutionConfigurationPlatforms) = preSolution
		Debug|Any CPU = Debug|Any CPU
		Release|Any CPU = Release|Any CPU
	EndGlobalSection
	GlobalSection(ProjectConfigurationPlatforms) = postSolution
		{F9E91833-F9A4-43D5-ADA5-4450F2D89A26}.Debug|Any CPU.ActiveCfg = Debug|Any CPU
		{F9E91833-F9A4-43D5-ADA5-4450F2D89A26}.Debug|Any CPU.Build.0 = Debug|Any CPU
		{F9E91833-F9A4-43D5-ADA5-4450F2D89A26}.Release|Any CPU.ActiveCfg = Release|Any CPU
		{F9E91833-F9A4-43D5-ADA5-4450F2D89A26}.Release|Any CPU.Build.0 = Release|Any CPU
	EndGlobalSection
	GlobalSection(SolutionProperties) = preSolution
		HideSolutionNode = FALSE
	EndGlobalSection
	GlobalSection(ExtensibilityGlobals) = postSolution
		SolutionGuid = {41AA20E0-45A1-4633-83D9-415B5A5EECF1}
	EndGlobalSection
EndGlobal
